// !$*UTF8*$!
{
	archiveVersion = 1;
	classes = {
	};
	objectVersion = 46;
	objects = {

/* Begin PBXBuildFile section */
		57E27DB41B0530FE000046EA /* CoreGraphics.framework in Frameworks */ = {isa = PBXBuildFile; fileRef = 57E27DB01B0530FE000046EA /* CoreGraphics.framework */; };
		57E27DB51B0530FE000046EA /* Foundation.framework in Frameworks */ = {isa = PBXBuildFile; fileRef = 57E27DB11B0530FE000046EA /* Foundation.framework */; };
		57E27DB61B0530FE000046EA /* UIKit.framework in Frameworks */ = {isa = PBXBuildFile; fileRef = 57E27DB21B0530FE000046EA /* UIKit.framework */; };
		57E27DB71B0530FE000046EA /* SystemConfiguration.framework in Frameworks */ = {isa = PBXBuildFile; fileRef = 57E27DB31B0530FE000046EA /* SystemConfiguration.framework */; };
		57E27DB91B05311C000046EA /* icon.png in Resources */ = {isa = PBXBuildFile; fileRef = 57E27DB81B05311C000046EA /* icon.png */; };
		57E27DBB1B05312D000046EA /* ic_safely_accid.png in Resources */ = {isa = PBXBuildFile; fileRef = 57E27DBA1B05312D000046EA /* ic_safely_accid.png */; };
		57E4F9221AFF7B9C003F4ABB /* main.m in Sources */ = {isa = PBXBuildFile; fileRef = 57E4F9211AFF7B9C003F4ABB /* main.m */; };
		57E4F9251AFF7B9C003F4ABB /* AppDelegate.m in Sources */ = {isa = PBXBuildFile; fileRef = 57E4F9241AFF7B9C003F4ABB /* AppDelegate.m */; };
		57E4F9281AFF7B9C003F4ABB /* ViewController.m in Sources */ = {isa = PBXBuildFile; fileRef = 57E4F9271AFF7B9C003F4ABB /* ViewController.m */; };
		57E4F92B1AFF7B9C003F4ABB /* Main.storyboard in Resources */ = {isa = PBXBuildFile; fileRef = 57E4F9291AFF7B9C003F4ABB /* Main.storyboard */; };
		57E4F92D1AFF7B9C003F4ABB /* Images.xcassets in Resources */ = {isa = PBXBuildFile; fileRef = 57E4F92C1AFF7B9C003F4ABB /* Images.xcassets */; };
		57E4F9301AFF7B9C003F4ABB /* LaunchScreen.xib in Resources */ = {isa = PBXBuildFile; fileRef = 57E4F92E1AFF7B9C003F4ABB /* LaunchScreen.xib */; };
		57E4F93C1AFF7B9C003F4ABB /* UBISEcallHA01Tests.m in Sources */ = {isa = PBXBuildFile; fileRef = 57E4F93B1AFF7B9C003F4ABB /* UBISEcallHA01Tests.m */; };
		57E4F94C1AFF7D72003F4ABB /* CAllServer.m in Sources */ = {isa = PBXBuildFile; fileRef = 57E4F94B1AFF7D72003F4ABB /* CAllServer.m */; };
		57E4F94F1AFF7D87003F4ABB /* DwfmsSegue.m in Sources */ = {isa = PBXBuildFile; fileRef = 57E4F94E1AFF7D87003F4ABB /* DwfmsSegue.m */; };
		57E4F9521AFF7D94003F4ABB /* IdentViewController.m in Sources */ = {isa = PBXBuildFile; fileRef = 57E4F9511AFF7D94003F4ABB /* IdentViewController.m */; };
/* End PBXBuildFile section */

/* Begin PBXContainerItemProxy section */
		57E4F9361AFF7B9C003F4ABB /* PBXContainerItemProxy */ = {
			isa = PBXContainerItemProxy;
			containerPortal = 57E4F9141AFF7B9C003F4ABB /* Project object */;
			proxyType = 1;
			remoteGlobalIDString = 57E4F91B1AFF7B9C003F4ABB;
			remoteInfo = UBISEcallHA01;
		};
/* End PBXContainerItemProxy section */

/* Begin PBXFileReference section */
		57E27DB01B0530FE000046EA /* CoreGraphics.framework */ = {isa = PBXFileReference; lastKnownFileType = wrapper.framework; path = CoreGraphics.framework; sourceTree = "<group>"; };
		57E27DB11B0530FE000046EA /* Foundation.framework */ = {isa = PBXFileReference; lastKnownFileType = wrapper.framework; path = Foundation.framework; sourceTree = "<group>"; };
		57E27DB21B0530FE000046EA /* UIKit.framework */ = {isa = PBXFileReference; lastKnownFileType = wrapper.framework; path = UIKit.framework; sourceTree = "<group>"; };
		57E27DB31B0530FE000046EA /* SystemConfiguration.framework */ = {isa = PBXFileReference; lastKnownFileType = wrapper.framework; path = SystemConfiguration.framework; sourceTree = "<group>"; };
		57E27DB81B05311C000046EA /* icon.png */ = {isa = PBXFileReference; lastKnownFileType = image.png; path = icon.png; sourceTree = "<group>"; };
		57E27DBA1B05312D000046EA /* ic_safely_accid.png */ = {isa = PBXFileReference; lastKnownFileType = image.png; path = ic_safely_accid.png; sourceTree = "<group>"; };
		57E4F91C1AFF7B9C003F4ABB /* UBISEcallHA01.app */ = {isa = PBXFileReference; explicitFileType = wrapper.application; includeInIndex = 0; path = UBISEcallHA01.app; sourceTree = BUILT_PRODUCTS_DIR; };
		57E4F9201AFF7B9C003F4ABB /* Info.plist */ = {isa = PBXFileReference; lastKnownFileType = text.plist.xml; path = Info.plist; sourceTree = "<group>"; };
		57E4F9211AFF7B9C003F4ABB /* main.m */ = {isa = PBXFileReference; lastKnownFileType = sourcecode.c.objc; path = main.m; sourceTree = "<group>"; };
		57E4F9231AFF7B9C003F4ABB /* AppDelegate.h */ = {isa = PBXFileReference; lastKnownFileType = sourcecode.c.h; path = AppDelegate.h; sourceTree = "<group>"; };
		57E4F9241AFF7B9C003F4ABB /* AppDelegate.m */ = {isa = PBXFileReference; lastKnownFileType = sourcecode.c.objc; path = AppDelegate.m; sourceTree = "<group>"; };
		57E4F9261AFF7B9C003F4ABB /* ViewController.h */ = {isa = PBXFileReference; lastKnownFileType = sourcecode.c.h; path = ViewController.h; sourceTree = "<group>"; };
		57E4F9271AFF7B9C003F4ABB /* ViewController.m */ = {isa = PBXFileReference; lastKnownFileType = sourcecode.c.objc; path = ViewController.m; sourceTree = "<group>"; };
		57E4F92A1AFF7B9C003F4ABB /* Base */ = {isa = PBXFileReference; lastKnownFileType = file.storyboard; name = Base; path = Base.lproj/Main.storyboard; sourceTree = "<group>"; };
		57E4F92C1AFF7B9C003F4ABB /* Images.xcassets */ = {isa = PBXFileReference; lastKnownFileType = folder.assetcatalog; path = Images.xcassets; sourceTree = "<group>"; };
		57E4F92F1AFF7B9C003F4ABB /* Base */ = {isa = PBXFileReference; lastKnownFileType = file.xib; name = Base; path = Base.lproj/LaunchScreen.xib; sourceTree = "<group>"; };
		57E4F9351AFF7B9C003F4ABB /* UBISEcallHA01Tests.xctest */ = {isa = PBXFileReference; explicitFileType = wrapper.cfbundle; includeInIndex = 0; path = UBISEcallHA01Tests.xctest; sourceTree = BUILT_PRODUCTS_DIR; };
		57E4F93A1AFF7B9C003F4ABB /* Info.plist */ = {isa = PBXFileReference; lastKnownFileType = text.plist.xml; path = Info.plist; sourceTree = "<group>"; };
		57E4F93B1AFF7B9C003F4ABB /* UBISEcallHA01Tests.m */ = {isa = PBXFileReference; lastKnownFileType = sourcecode.c.objc; path = UBISEcallHA01Tests.m; sourceTree = "<group>"; };
		57E4F94A1AFF7D6C003F4ABB /* CAllServer.h */ = {isa = PBXFileReference; lastKnownFileType = sourcecode.c.h; path = CAllServer.h; sourceTree = "<group>"; };
		57E4F94B1AFF7D72003F4ABB /* CAllServer.m */ = {isa = PBXFileReference; fileEncoding = 4; lastKnownFileType = sourcecode.c.objc; path = CAllServer.m; sourceTree = "<group>"; };
		57E4F94D1AFF7D7D003F4ABB /* DwfmsSegue.h */ = {isa = PBXFileReference; lastKnownFileType = sourcecode.c.h; path = DwfmsSegue.h; sourceTree = "<group>"; };
		57E4F94E1AFF7D87003F4ABB /* DwfmsSegue.m */ = {isa = PBXFileReference; fileEncoding = 4; lastKnownFileType = sourcecode.c.objc; path = DwfmsSegue.m; sourceTree = "<group>"; };
		57E4F9501AFF7D8E003F4ABB /* IdentViewController.h */ = {isa = PBXFileReference; lastKnownFileType = sourcecode.c.h; path = IdentViewController.h; sourceTree = "<group>"; };
		57E4F9511AFF7D94003F4ABB /* IdentViewController.m */ = {isa = PBXFileReference; fileEncoding = 4; lastKnownFileType = sourcecode.c.objc; path = IdentViewController.m; sourceTree = "<group>"; };
/* End PBXFileReference section */

/* Begin PBXFrameworksBuildPhase section */
		57E4F9191AFF7B9C003F4ABB /* Frameworks */ = {
			isa = PBXFrameworksBuildPhase;
			buildActionMask = 2147483647;
			files = (
				57E27DB41B0530FE000046EA /* CoreGraphics.framework in Frameworks */,
				57E27DB61B0530FE000046EA /* UIKit.framework in Frameworks */,
				57E27DB71B0530FE000046EA /* SystemConfiguration.framework in Frameworks */,
				57E27DB51B0530FE000046EA /* Foundation.framework in Frameworks */,
			);
			runOnlyForDeploymentPostprocessing = 0;
		};
		57E4F9321AFF7B9C003F4ABB /* Frameworks */ = {
			isa = PBXFrameworksBuildPhase;
			buildActionMask = 2147483647;
			files = (
			);
			runOnlyForDeploymentPostprocessing = 0;
		};
/* End PBXFrameworksBuildPhase section */

/* Begin PBXGroup section */
		57E4F9131AFF7B9C003F4ABB = {
			isa = PBXGroup;
			children = (
				57E27DB01B0530FE000046EA /* CoreGraphics.framework */,
				57E27DB11B0530FE000046EA /* Foundation.framework */,
				57E27DB21B0530FE000046EA /* UIKit.framework */,
				57E27DB31B0530FE000046EA /* SystemConfiguration.framework */,
				57E4F91E1AFF7B9C003F4ABB /* UBISEcallHA01 */,
				57E4F9381AFF7B9C003F4ABB /* UBISEcallHA01Tests */,
				57E4F91D1AFF7B9C003F4ABB /* Products */,
			);
			sourceTree = "<group>";
		};
		57E4F91D1AFF7B9C003F4ABB /* Products */ = {
			isa = PBXGroup;
			children = (
				57E4F91C1AFF7B9C003F4ABB /* UBISEcallHA01.app */,
				57E4F9351AFF7B9C003F4ABB /* UBISEcallHA01Tests.xctest */,
			);
			name = Products;
			sourceTree = "<group>";
		};
		57E4F91E1AFF7B9C003F4ABB /* UBISEcallHA01 */ = {
			isa = PBXGroup;
			children = (
				57E4F9451AFF7C38003F4ABB /* image */,
				57E4F9231AFF7B9C003F4ABB /* AppDelegate.h */,
				57E4F9241AFF7B9C003F4ABB /* AppDelegate.m */,
				57E4F9261AFF7B9C003F4ABB /* ViewController.h */,
				57E4F9271AFF7B9C003F4ABB /* ViewController.m */,
				57E4F94A1AFF7D6C003F4ABB /* CAllServer.h */,
				57E4F94B1AFF7D72003F4ABB /* CAllServer.m */,
				57E4F94D1AFF7D7D003F4ABB /* DwfmsSegue.h */,
				57E4F94E1AFF7D87003F4ABB /* DwfmsSegue.m */,
				57E4F9501AFF7D8E003F4ABB /* IdentViewController.h */,
				57E4F9511AFF7D94003F4ABB /* IdentViewController.m */,
				57E4F9291AFF7B9C003F4ABB /* Main.storyboard */,
				57E4F92C1AFF7B9C003F4ABB /* Images.xcassets */,
				57E4F92E1AFF7B9C003F4ABB /* LaunchScreen.xib */,
				57E4F91F1AFF7B9C003F4ABB /* Supporting Files */,
			);
			path = UBISEcallHA01;
			sourceTree = "<group>";
		};
		57E4F91F1AFF7B9C003F4ABB /* Supporting Files */ = {
			isa = PBXGroup;
			children = (
				57E4F9201AFF7B9C003F4ABB /* Info.plist */,
				57E4F9211AFF7B9C003F4ABB /* main.m */,
			);
			name = "Supporting Files";
			sourceTree = "<group>";
		};
		57E4F9381AFF7B9C003F4ABB /* UBISEcallHA01Tests */ = {
			isa = PBXGroup;
			children = (
				57E4F93B1AFF7B9C003F4ABB /* UBISEcallHA01Tests.m */,
				57E4F9391AFF7B9C003F4ABB /* Supporting Files */,
			);
			path = UBISEcallHA01Tests;
			sourceTree = "<group>";
		};
		57E4F9391AFF7B9C003F4ABB /* Supporting Files */ = {
			isa = PBXGroup;
			children = (
				57E4F93A1AFF7B9C003F4ABB /* Info.plist */,
			);
			name = "Supporting Files";
			sourceTree = "<group>";
		};
		57E4F9451AFF7C38003F4ABB /* image */ = {
			isa = PBXGroup;
			children = (
				57E27DBA1B05312D000046EA /* ic_safely_accid.png */,
				57E27DB81B05311C000046EA /* icon.png */,
			);
			name = image;
			sourceTree = "<group>";
		};
/* End PBXGroup section */

/* Begin PBXNativeTarget section */
		57E4F91B1AFF7B9C003F4ABB /* UBISEcallHA01 */ = {
			isa = PBXNativeTarget;
			buildConfigurationList = 57E4F93F1AFF7B9C003F4ABB /* Build configuration list for PBXNativeTarget "UBISEcallHA01" */;
			buildPhases = (
				57E4F9181AFF7B9C003F4ABB /* Sources */,
				57E4F9191AFF7B9C003F4ABB /* Frameworks */,
				57E4F91A1AFF7B9C003F4ABB /* Resources */,
			);
			buildRules = (
			);
			dependencies = (
			);
			name = UBISEcallHA01;
			productName = UBISEcallHA01;
			productReference = 57E4F91C1AFF7B9C003F4ABB /* UBISEcallHA01.app */;
			productType = "com.apple.product-type.application";
		};
		57E4F9341AFF7B9C003F4ABB /* UBISEcallHA01Tests */ = {
			isa = PBXNativeTarget;
			buildConfigurationList = 57E4F9421AFF7B9C003F4ABB /* Build configuration list for PBXNativeTarget "UBISEcallHA01Tests" */;
			buildPhases = (
				57E4F9311AFF7B9C003F4ABB /* Sources */,
				57E4F9321AFF7B9C003F4ABB /* Frameworks */,
				57E4F9331AFF7B9C003F4ABB /* Resources */,
			);
			buildRules = (
			);
			dependencies = (
				57E4F9371AFF7B9C003F4ABB /* PBXTargetDependency */,
			);
			name = UBISEcallHA01Tests;
			productName = UBISEcallHA01Tests;
			productReference = 57E4F9351AFF7B9C003F4ABB /* UBISEcallHA01Tests.xctest */;
			productType = "com.apple.product-type.bundle.unit-test";
		};
/* End PBXNativeTarget section */

/* Begin PBXProject section */
		57E4F9141AFF7B9C003F4ABB /* Project object */ = {
			isa = PBXProject;
			attributes = {
				LastUpgradeCheck = 0630;
				ORGANIZATIONNAME = dwni;
				TargetAttributes = {
					57E4F91B1AFF7B9C003F4ABB = {
						CreatedOnToolsVersion = 6.3.1;
					};
					57E4F9341AFF7B9C003F4ABB = {
						CreatedOnToolsVersion = 6.3.1;
						TestTargetID = 57E4F91B1AFF7B9C003F4ABB;
					};
				};
			};
			buildConfigurationList = 57E4F9171AFF7B9C003F4ABB /* Build configuration list for PBXProject "UBISEcallHA01" */;
			compatibilityVersion = "Xcode 3.2";
			developmentRegion = English;
			hasScannedForEncodings = 0;
			knownRegions = (
				en,
				Base,
			);
			mainGroup = 57E4F9131AFF7B9C003F4ABB;
			productRefGroup = 57E4F91D1AFF7B9C003F4ABB /* Products */;
			projectDirPath = "";
			projectRoot = "";
			targets = (
				57E4F91B1AFF7B9C003F4ABB /* UBISEcallHA01 */,
				57E4F9341AFF7B9C003F4ABB /* UBISEcallHA01Tests */,
			);
		};
/* End PBXProject section */

/* Begin PBXResourcesBuildPhase section */
		57E4F91A1AFF7B9C003F4ABB /* Resources */ = {
			isa = PBXResourcesBuildPhase;
			buildActionMask = 2147483647;
			files = (
				57E27DBB1B05312D000046EA /* ic_safely_accid.png in Resources */,
				57E4F92B1AFF7B9C003F4ABB /* Main.storyboard in Resources */,
				57E4F9301AFF7B9C003F4ABB /* LaunchScreen.xib in Resources */,
				57E27DB91B05311C000046EA /* icon.png in Resources */,
				57E4F92D1AFF7B9C003F4ABB /* Images.xcassets in Resources */,
			);
			runOnlyForDeploymentPostprocessing = 0;
		};
		57E4F9331AFF7B9C003F4ABB /* Resources */ = {
			isa = PBXResourcesBuildPhase;
			buildActionMask = 2147483647;
			files = (
			);
			runOnlyForDeploymentPostprocessing = 0;
		};
/* End PBXResourcesBuildPhase section */

/* Begin PBXSourcesBuildPhase section */
		57E4F9181AFF7B9C003F4ABB /* Sources */ = {
			isa = PBXSourcesBuildPhase;
			buildActionMask = 2147483647;
			files = (
				57E4F9281AFF7B9C003F4ABB /* ViewController.m in Sources */,
				57E4F9521AFF7D94003F4ABB /* IdentViewController.m in Sources */,
				57E4F94F1AFF7D87003F4ABB /* DwfmsSegue.m in Sources */,
				57E4F9251AFF7B9C003F4ABB /* AppDelegate.m in Sources */,
				57E4F94C1AFF7D72003F4ABB /* CAllServer.m in Sources */,
				57E4F9221AFF7B9C003F4ABB /* main.m in Sources */,
			);
			runOnlyForDeploymentPostprocessing = 0;
		};
		57E4F9311AFF7B9C003F4ABB /* Sources */ = {
			isa = PBXSourcesBuildPhase;
			buildActionMask = 2147483647;
			files = (
				57E4F93C1AFF7B9C003F4ABB /* UBISEcallHA01Tests.m in Sources */,
			);
			runOnlyForDeploymentPostprocessing = 0;
		};
/* End PBXSourcesBuildPhase section */

/* Begin PBXTargetDependency section */
		57E4F9371AFF7B9C003F4ABB /* PBXTargetDependency */ = {
			isa = PBXTargetDependency;
			target = 57E4F91B1AFF7B9C003F4ABB /* UBISEcallHA01 */;
			targetProxy = 57E4F9361AFF7B9C003F4ABB /* PBXContainerItemProxy */;
		};
/* End PBXTargetDependency section */

/* Begin PBXVariantGroup section */
		57E4F9291AFF7B9C003F4ABB /* Main.storyboard */ = {
			isa = PBXVariantGroup;
			children = (
				57E4F92A1AFF7B9C003F4ABB /* Base */,
			);
			name = Main.storyboard;
			sourceTree = "<group>";
		};
		57E4F92E1AFF7B9C003F4ABB /* LaunchScreen.xib */ = {
			isa = PBXVariantGroup;
			children = (
				57E4F92F1AFF7B9C003F4ABB /* Base */,
			);
			name = LaunchScreen.xib;
			sourceTree = "<group>";
		};
/* End PBXVariantGroup section */

/* Begin XCBuildConfiguration section */
		57E4F93D1AFF7B9C003F4ABB /* Debug */ = {
			isa = XCBuildConfiguration;
			buildSettings = {
				ALWAYS_SEARCH_USER_PATHS = NO;
				CLANG_CXX_LANGUAGE_STANDARD = "gnu++0x";
				CLANG_CXX_LIBRARY = "libc++";
				CLANG_ENABLE_MODULES = YES;
				CLANG_ENABLE_OBJC_ARC = YES;
				CLANG_WARN_BOOL_CONVERSION = YES;
				CLANG_WARN_CONSTANT_CONVERSION = YES;
				CLANG_WARN_DIRECT_OBJC_ISA_USAGE = YES_ERROR;
				CLANG_WARN_EMPTY_BODY = YES;
				CLANG_WARN_ENUM_CONVERSION = YES;
				CLANG_WARN_INT_CONVERSION = YES;
				CLANG_WARN_OBJC_ROOT_CLASS = YES_ERROR;
				CLANG_WARN_UNREACHABLE_CODE = YES;
				CLANG_WARN__DUPLICATE_METHOD_MATCH = YES;
				"CODE_SIGN_IDENTITY[sdk=iphoneos*]" = "iPhone Developer";
				COPY_PHASE_STRIP = NO;
				DEBUG_INFORMATION_FORMAT = "dwarf-with-dsym";
				ENABLE_STRICT_OBJC_MSGSEND = YES;
				GCC_C_LANGUAGE_STANDARD = gnu99;
				GCC_DYNAMIC_NO_PIC = NO;
				GCC_NO_COMMON_BLOCKS = YES;
				GCC_OPTIMIZATION_LEVEL = 0;
				GCC_PREPROCESSOR_DEFINITIONS = (
					"DEBUG=1",
					"$(inherited)",
				);
				GCC_SYMBOLS_PRIVATE_EXTERN = NO;
				GCC_WARN_64_TO_32_BIT_CONVERSION = YES;
				GCC_WARN_ABOUT_RETURN_TYPE = YES_ERROR;
				GCC_WARN_UNDECLARED_SELECTOR = YES;
				GCC_WARN_UNINITIALIZED_AUTOS = YES_AGGRESSIVE;
				GCC_WARN_UNUSED_FUNCTION = YES;
				GCC_WARN_UNUSED_VARIABLE = YES;
				IPHONEOS_DEPLOYMENT_TARGET = 8.3;
				MTL_ENABLE_DEBUG_INFO = YES;
				ONLY_ACTIVE_ARCH = YES;
				SDKROOT = iphoneos;
			};
			name = Debug;
		};
		57E4F93E1AFF7B9C003F4ABB /* Release */ = {
			isa = XCBuildConfiguration;
			buildSettings = {
				ALWAYS_SEARCH_USER_PATHS = NO;
				CLANG_CXX_LANGUAGE_STANDARD = "gnu++0x";
				CLANG_CXX_LIBRARY = "libc++";
				CLANG_ENABLE_MODULES = YES;
				CLANG_ENABLE_OBJC_ARC = YES;
				CLANG_WARN_BOOL_CONVERSION = YES;
				CLANG_WARN_CONSTANT_CONVERSION = YES;
				CLANG_WARN_DIRECT_OBJC_ISA_USAGE = YES_ERROR;
				CLANG_WARN_EMPTY_BODY = YES;
				CLANG_WARN_ENUM_CONVERSION = YES;
				CLANG_WARN_INT_CONVERSION = YES;
				CLANG_WARN_OBJC_ROOT_CLASS = YES_ERROR;
				CLANG_WARN_UNREACHABLE_CODE = YES;
				CLANG_WARN__DUPLICATE_METHOD_MATCH = YES;
				"CODE_SIGN_IDENTITY[sdk=iphoneos*]" = "iPhone Developer";
				COPY_PHASE_STRIP = NO;
				DEBUG_INFORMATION_FORMAT = "dwarf-with-dsym";
				ENABLE_NS_ASSERTIONS = NO;
				ENABLE_STRICT_OBJC_MSGSEND = YES;
				GCC_C_LANGUAGE_STANDARD = gnu99;
				GCC_NO_COMMON_BLOCKS = YES;
				GCC_WARN_64_TO_32_BIT_CONVERSION = YES;
				GCC_WARN_ABOUT_RETURN_TYPE = YES_ERROR;
				GCC_WARN_UNDECLARED_SELECTOR = YES;
				GCC_WARN_UNINITIALIZED_AUTOS = YES_AGGRESSIVE;
				GCC_WARN_UNUSED_FUNCTION = YES;
				GCC_WARN_UNUSED_VARIABLE = YES;
				IPHONEOS_DEPLOYMENT_TARGET = 8.3;
				MTL_ENABLE_DEBUG_INFO = NO;
				SDKROOT = iphoneos;
				VALIDATE_PRODUCT = YES;
			};
			name = Release;
		};
		57E4F9401AFF7B9C003F4ABB /* Debug */ = {
			isa = XCBuildConfiguration;
			buildSettings = {
				ASSETCATALOG_COMPILER_APPICON_NAME = AppIcon;
				FRAMEWORK_SEARCH_PATHS = (
					"$(inherited)",
					"$(PROJECT_DIR)",
				);
				INFOPLIST_FILE = UBISEcallHA01/Info.plist;
				IPHONEOS_DEPLOYMENT_TARGET = 7.1;
				LD_RUNPATH_SEARCH_PATHS = "$(inherited) @executable_path/Frameworks";
				PRODUCT_NAME = "$(TARGET_NAME)";
			};
			name = Debug;
		};
		57E4F9411AFF7B9C003F4ABB /* Release */ = {
			isa = XCBuildConfiguration;
			buildSettings = {
				ASSETCATALOG_COMPILER_APPICON_NAME = AppIcon;
				FRAMEWORK_SEARCH_PATHS = (
					"$(inherited)",
					"$(PROJECT_DIR)",
				);
				INFOPLIST_FILE = UBISEcallHA01/Info.plist;
				IPHONEOS_DEPLOYMENT_TARGET = 7.1;
				LD_RUNPATH_SEARCH_PATHS = "$(inherited) @executable_path/Frameworks";
				PRODUCT_NAME = "$(TARGET_NAME)";
			};
			name = Release;
		};
		57E4F9431AFF7B9C003F4ABB /* Debug */ = {
			isa = XCBuildConfiguration;
			buildSettings = {
				BUNDLE_LOADER = "$(TEST_HOST)";
				FRAMEWORK_SEARCH_PATHS = (
					"$(SDKROOT)/Developer/Library/Frameworks",
					"$(inherited)",
				);
				GCC_PREPROCESSOR_DEFINITIONS = (
					"DEBUG=1",
					"$(inherited)",
				);
				INFOPLIST_FILE = UBISEcallHA01Tests/Info.plist;
				LD_RUNPATH_SEARCH_PATHS = "$(inherited) @executable_path/Frameworks @loader_path/Frameworks";
				PRODUCT_NAME = "$(TARGET_NAME)";
				TEST_HOST = "$(BUILT_PRODUCTS_DIR)/UBISEcallHA01.app/UBISEcallHA01";
			};
			name = Debug;
		};
		57E4F9441AFF7B9C003F4ABB /* Release */ = {
			isa = XCBuildConfiguration;
			buildSettings = {
				BUNDLE_LOADER = "$(TEST_HOST)";
				FRAMEWORK_SEARCH_PATHS = (
					"$(SDKROOT)/Developer/Library/Frameworks",
					"$(inherited)",
				);
				INFOPLIST_FILE = UBISEcallHA01Tests/Info.plist;
				LD_RUNPATH_SEARCH_PATHS = "$(inherited) @executable_path/Frameworks @loader_path/Frameworks";
				PRODUCT_NAME = "$(TARGET_NAME)";
				TEST_HOST = "$(BUILT_PRODUCTS_DIR)/UBISEcallHA01.app/UBISEcallHA01";
			};
			name = Release;
		};
/* End XCBuildConfiguration section */

/* Begin XCConfigurationList section */
		57E4F9171AFF7B9C003F4ABB /* Build configuration list for PBXProject "UBISEcallHA01" */ = {
			isa = XCConfigurationList;
			buildConfigurations = (
				57E4F93D1AFF7B9C003F4ABB /* Debug */,
				57E4F93E1AFF7B9C003F4ABB /* Release */,
			);
			defaultConfigurationIsVisible = 0;
			defaultConfigurationName = Release;
		};
		57E4F93F1AFF7B9C003F4ABB /* Build configuration list for PBXNativeTarget "UBISEcallHA01" */ = {
			isa = XCConfigurationList;
			buildConfigurations = (
				57E4F9401AFF7B9C003F4ABB /* Debug */,
				57E4F9411AFF7B9C003F4ABB /* Release */,
			);
			defaultConfigurationIsVisible = 0;
			defaultConfigurationName = Release;
		};
		57E4F9421AFF7B9C003F4ABB /* Build configuration list for PBXNativeTarget "UBISEcallHA01Tests" */ = {
			isa = XCConfigurationList;
			buildConfigurations = (
				57E4F9431AFF7B9C003F4ABB /* Debug */,
				57E4F9441AFF7B9C003F4ABB /* Release */,
			);
			defaultConfigurationIsVisible = 0;
			defaultConfigurationName = Release;
		};
/* End XCConfigurationList section */
	};
	rootObject = 57E4F9141AFF7B9C003F4ABB /* Project object */;
}
